
Microsoft Visual Studio Solution File, Format Version 12.00
# Visual Studio Version 17
VisualStudioVersion = 17.8.34330.188
MinimumVisualStudioVersion = 10.0.40219.1
Project("{FAE04EC0-301F-11D3-BF4B-00C04F79EFBC}") = "StoreDb", "StoreDb.csproj", "{5FF98190-2C64-44EE-A426-BF8B9746D2D9}"
EndProject
Global
	GlobalSection(SolutionConfigurationPlatforms) = preSolution
		Debug|Any CPU = Debug|Any CPU
		Release|Any CPU = Release|Any CPU
	EndGlobalSection
	GlobalSection(ProjectConfigurationPlatforms) = postSolution
		{5FF98190-2C64-44EE-A426-BF8B9746D2D9}.Debug|Any CPU.ActiveCfg = Debug|Any CPU
		{5FF98190-2C64-44EE-A426-BF8B9746D2D9}.Debug|Any CPU.Build.0 = Debug|Any CPU
		{5FF98190-2C64-44EE-A426-BF8B9746D2D9}.Release|Any CPU.ActiveCfg = Release|Any CPU
		{5FF98190-2C64-44EE-A426-BF8B9746D2D9}.Release|Any CPU.Build.0 = Release|Any CPU
	EndGlobalSection
	GlobalSection(SolutionProperties) = preSolution
		HideSolutionNode = FALSE
	EndGlobalSection
	GlobalSection(ExtensibilityGlobals) = postSolution
		SolutionGuid = {FC711817-7EDC-48A4-ABB6-CA3D6A8902BF}
	EndGlobalSection
EndGlobal
